// !$*UTF8*$!
{
	archiveVersion = 1;
	classes = {
	};
	objectVersion = 46;
	objects = {

/* Begin PBXBuildFile section */
		6580879D1C6CA7B6001CC814 /* AppDelegate.swift in Sources */ = {isa = PBXBuildFile; fileRef = 6580879C1C6CA7B6001CC814 /* AppDelegate.swift */; };
		658087A21C6CA7B6001CC814 /* Main.storyboard in Resources */ = {isa = PBXBuildFile; fileRef = 658087A01C6CA7B6001CC814 /* Main.storyboard */; };
		658087A51C6CA7B6001CC814 /* CoreDataStackDay1_git_CoreDataStackDayOne.xcdatamodeld in Sources */ = {isa = PBXBuildFile; fileRef = 658087A31C6CA7B6001CC814 /* CoreDataStackDay1_git_CoreDataStackDayOne.xcdatamodeld */; };
		658087A71C6CA7B6001CC814 /* Assets.xcassets in Resources */ = {isa = PBXBuildFile; fileRef = 658087A61C6CA7B6001CC814 /* Assets.xcassets */; };
		658087AA1C6CA7B6001CC814 /* LaunchScreen.storyboard in Resources */ = {isa = PBXBuildFile; fileRef = 658087A81C6CA7B6001CC814 /* LaunchScreen.storyboard */; };
		658087B51C6CA7B7001CC814 /* CoreDataStackDay1_git_CoreDataStackDayOneTests.swift in Sources */ = {isa = PBXBuildFile; fileRef = 658087B41C6CA7B7001CC814 /* CoreDataStackDay1_git_CoreDataStackDayOneTests.swift */; };
		658087C01C6CA7B7001CC814 /* CoreDataStackDay1_git_CoreDataStackDayOneUITests.swift in Sources */ = {isa = PBXBuildFile; fileRef = 658087BF1C6CA7B7001CC814 /* CoreDataStackDay1_git_CoreDataStackDayOneUITests.swift */; };
		658087CE1C6E4470001CC814 /* CoreDataStack.swift in Sources */ = {isa = PBXBuildFile; fileRef = 658087CD1C6E4470001CC814 /* CoreDataStack.swift */; };
		658087D41C6E4C60001CC814 /* Data.xcdatamodeld in Sources */ = {isa = PBXBuildFile; fileRef = 658087D21C6E4C60001CC814 /* Data.xcdatamodeld */; };
		658087D71C6E7208001CC814 /* Student+CoreDataProperties.swift in Sources */ = {isa = PBXBuildFile; fileRef = 658087D51C6E7208001CC814 /* Student+CoreDataProperties.swift */; };
		658087D81C6E7208001CC814 /* Student.swift in Sources */ = {isa = PBXBuildFile; fileRef = 658087D61C6E7208001CC814 /* Student.swift */; };
		658087DA1C6E73E0001CC814 /* TableViewController.swift in Sources */ = {isa = PBXBuildFile; fileRef = 658087D91C6E73E0001CC814 /* TableViewController.swift */; };
/* End PBXBuildFile section */

/* Begin PBXContainerItemProxy section */
		658087B11C6CA7B7001CC814 /* PBXContainerItemProxy */ = {
			isa = PBXContainerItemProxy;
			containerPortal = 658087911C6CA7B6001CC814 /* Project object */;
			proxyType = 1;
			remoteGlobalIDString = 658087981C6CA7B6001CC814;
			remoteInfo = "CoreDataStackDay1.git CoreDataStackDayOne";
		};
		658087BC1C6CA7B7001CC814 /* PBXContainerItemProxy */ = {
			isa = PBXContainerItemProxy;
			containerPortal = 658087911C6CA7B6001CC814 /* Project object */;
			proxyType = 1;
			remoteGlobalIDString = 658087981C6CA7B6001CC814;
			remoteInfo = "CoreDataStackDay1.git CoreDataStackDayOne";
		};
/* End PBXContainerItemProxy section */

/* Begin PBXFileReference section */
		658087991C6CA7B6001CC814 /* CoreDataStackDay1.git CoreDataStackDayOne.app */ = {isa = PBXFileReference; explicitFileType = wrapper.application; includeInIndex = 0; path = "CoreDataStackDay1.git CoreDataStackDayOne.app"; sourceTree = BUILT_PRODUCTS_DIR; };
		6580879C1C6CA7B6001CC814 /* AppDelegate.swift */ = {isa = PBXFileReference; lastKnownFileType = sourcecode.swift; path = AppDelegate.swift; sourceTree = "<group>"; };
		658087A11C6CA7B6001CC814 /* Base */ = {isa = PBXFileReference; lastKnownFileType = file.storyboard; name = Base; path = Base.lproj/Main.storyboard; sourceTree = "<group>"; };
		658087A41C6CA7B6001CC814 /* CoreDataStackDay1_git_CoreDataStackDayOne.xcdatamodel */ = {isa = PBXFileReference; lastKnownFileType = wrapper.xcdatamodel; path = CoreDataStackDay1_git_CoreDataStackDayOne.xcdatamodel; sourceTree = "<group>"; };
		658087A61C6CA7B6001CC814 /* Assets.xcassets */ = {isa = PBXFileReference; lastKnownFileType = folder.assetcatalog; path = Assets.xcassets; sourceTree = "<group>"; };
		658087A91C6CA7B6001CC814 /* Base */ = {isa = PBXFileReference; lastKnownFileType = file.storyboard; name = Base; path = Base.lproj/LaunchScreen.storyboard; sourceTree = "<group>"; };
		658087AB1C6CA7B6001CC814 /* Info.plist */ = {isa = PBXFileReference; lastKnownFileType = text.plist.xml; path = Info.plist; sourceTree = "<group>"; };
		658087B01C6CA7B7001CC814 /* CoreDataStackDay1.git CoreDataStackDayOneTests.xctest */ = {isa = PBXFileReference; explicitFileType = wrapper.cfbundle; includeInIndex = 0; path = "CoreDataStackDay1.git CoreDataStackDayOneTests.xctest"; sourceTree = BUILT_PRODUCTS_DIR; };
		658087B41C6CA7B7001CC814 /* CoreDataStackDay1_git_CoreDataStackDayOneTests.swift */ = {isa = PBXFileReference; lastKnownFileType = sourcecode.swift; path = CoreDataStackDay1_git_CoreDataStackDayOneTests.swift; sourceTree = "<group>"; };
		658087B61C6CA7B7001CC814 /* Info.plist */ = {isa = PBXFileReference; lastKnownFileType = text.plist.xml; path = Info.plist; sourceTree = "<group>"; };
		658087BB1C6CA7B7001CC814 /* CoreDataStackDay1.git CoreDataStackDayOneUITests.xctest */ = {isa = PBXFileReference; explicitFileType = wrapper.cfbundle; includeInIndex = 0; path = "CoreDataStackDay1.git CoreDataStackDayOneUITests.xctest"; sourceTree = BUILT_PRODUCTS_DIR; };
		658087BF1C6CA7B7001CC814 /* CoreDataStackDay1_git_CoreDataStackDayOneUITests.swift */ = {isa = PBXFileReference; lastKnownFileType = sourcecode.swift; path = CoreDataStackDay1_git_CoreDataStackDayOneUITests.swift; sourceTree = "<group>"; };
		658087C11C6CA7B7001CC814 /* Info.plist */ = {isa = PBXFileReference; lastKnownFileType = text.plist.xml; path = Info.plist; sourceTree = "<group>"; };
		658087CD1C6E4470001CC814 /* CoreDataStack.swift */ = {isa = PBXFileReference; fileEncoding = 4; lastKnownFileType = sourcecode.swift; path = CoreDataStack.swift; sourceTree = "<group>"; };
		658087D31C6E4C60001CC814 /* Data.xcdatamodel */ = {isa = PBXFileReference; lastKnownFileType = wrapper.xcdatamodel; path = Data.xcdatamodel; sourceTree = "<group>"; };
		658087D51C6E7208001CC814 /* Student+CoreDataProperties.swift */ = {isa = PBXFileReference; fileEncoding = 4; lastKnownFileType = sourcecode.swift; name = "Student+CoreDataProperties.swift"; path = "../Student+CoreDataProperties.swift"; sourceTree = "<group>"; };
		658087D61C6E7208001CC814 /* Student.swift */ = {isa = PBXFileReference; fileEncoding = 4; lastKnownFileType = sourcecode.swift; name = Student.swift; path = ../Student.swift; sourceTree = "<group>"; };
		658087D91C6E73E0001CC814 /* TableViewController.swift */ = {isa = PBXFileReference; fileEncoding = 4; lastKnownFileType = sourcecode.swift; path = TableViewController.swift; sourceTree = "<group>"; };
/* End PBXFileReference section */

/* Begin PBXFrameworksBuildPhase section */
		658087961C6CA7B6001CC814 /* Frameworks */ = {
			isa = PBXFrameworksBuildPhase;
			buildActionMask = 2147483647;
			files = (
			);
			runOnlyForDeploymentPostprocessing = 0;
		};
		658087AD1C6CA7B7001CC814 /* Frameworks */ = {
			isa = PBXFrameworksBuildPhase;
			buildActionMask = 2147483647;
			files = (
			);
			runOnlyForDeploymentPostprocessing = 0;
		};
		658087B81C6CA7B7001CC814 /* Frameworks */ = {
			isa = PBXFrameworksBuildPhase;
			buildActionMask = 2147483647;
			files = (
			);
			runOnlyForDeploymentPostprocessing = 0;
		};
/* End PBXFrameworksBuildPhase section */

/* Begin PBXGroup section */
		658087901C6CA7B6001CC814 = {
			isa = PBXGroup;
			children = (
				6580879B1C6CA7B6001CC814 /* CoreDataStackDay1.git CoreDataStackDayOne */,
				658087B31C6CA7B7001CC814 /* CoreDataStackDay1.git CoreDataStackDayOneTests */,
				658087BE1C6CA7B7001CC814 /* CoreDataStackDay1.git CoreDataStackDayOneUITests */,
				6580879A1C6CA7B6001CC814 /* Products */,
			);
			sourceTree = "<group>";
		};
		6580879A1C6CA7B6001CC814 /* Products */ = {
			isa = PBXGroup;
			children = (
				658087991C6CA7B6001CC814 /* CoreDataStackDay1.git CoreDataStackDayOne.app */,
				658087B01C6CA7B7001CC814 /* CoreDataStackDay1.git CoreDataStackDayOneTests.xctest */,
				658087BB1C6CA7B7001CC814 /* CoreDataStackDay1.git CoreDataStackDayOneUITests.xctest */,
			);
			name = Products;
			sourceTree = "<group>";
		};
		6580879B1C6CA7B6001CC814 /* CoreDataStackDay1.git CoreDataStackDayOne */ = {
			isa = PBXGroup;
			children = (
				658087D51C6E7208001CC814 /* Student+CoreDataProperties.swift */,
				658087D61C6E7208001CC814 /* Student.swift */,
				6580879C1C6CA7B6001CC814 /* AppDelegate.swift */,
				658087A01C6CA7B6001CC814 /* Main.storyboard */,
				658087D91C6E73E0001CC814 /* TableViewController.swift */,
				658087CD1C6E4470001CC814 /* CoreDataStack.swift */,
				658087D21C6E4C60001CC814 /* Data.xcdatamodeld */,
				658087A61C6CA7B6001CC814 /* Assets.xcassets */,
				658087A81C6CA7B6001CC814 /* LaunchScreen.storyboard */,
				658087AB1C6CA7B6001CC814 /* Info.plist */,
				658087A31C6CA7B6001CC814 /* CoreDataStackDay1_git_CoreDataStackDayOne.xcdatamodeld */,
			);
			path = "CoreDataStackDay1.git CoreDataStackDayOne";
			sourceTree = "<group>";
		};
		658087B31C6CA7B7001CC814 /* CoreDataStackDay1.git CoreDataStackDayOneTests */ = {
			isa = PBXGroup;
			children = (
				658087B41C6CA7B7001CC814 /* CoreDataStackDay1_git_CoreDataStackDayOneTests.swift */,
				658087B61C6CA7B7001CC814 /* Info.plist */,
			);
			path = "CoreDataStackDay1.git CoreDataStackDayOneTests";
			sourceTree = "<group>";
		};
		658087BE1C6CA7B7001CC814 /* CoreDataStackDay1.git CoreDataStackDayOneUITests */ = {
			isa = PBXGroup;
			children = (
				658087BF1C6CA7B7001CC814 /* CoreDataStackDay1_git_CoreDataStackDayOneUITests.swift */,
				658087C11C6CA7B7001CC814 /* Info.plist */,
			);
			path = "CoreDataStackDay1.git CoreDataStackDayOneUITests";
			sourceTree = "<group>";
		};
/* End PBXGroup section */

/* Begin PBXNativeTarget section */
		658087981C6CA7B6001CC814 /* CoreDataStackDay1.git CoreDataStackDayOne */ = {
			isa = PBXNativeTarget;
			buildConfigurationList = 658087C41C6CA7B7001CC814 /* Build configuration list for PBXNativeTarget "CoreDataStackDay1.git CoreDataStackDayOne" */;
			buildPhases = (
				658087951C6CA7B6001CC814 /* Sources */,
				658087961C6CA7B6001CC814 /* Frameworks */,
				658087971C6CA7B6001CC814 /* Resources */,
			);
			buildRules = (
			);
			dependencies = (
			);
			name = "CoreDataStackDay1.git CoreDataStackDayOne";
			productName = "CoreDataStackDay1.git CoreDataStackDayOne";
			productReference = 658087991C6CA7B6001CC814 /* CoreDataStackDay1.git CoreDataStackDayOne.app */;
			productType = "com.apple.product-type.application";
		};
		658087AF1C6CA7B7001CC814 /* CoreDataStackDay1.git CoreDataStackDayOneTests */ = {
			isa = PBXNativeTarget;
			buildConfigurationList = 658087C71C6CA7B7001CC814 /* Build configuration list for PBXNativeTarget "CoreDataStackDay1.git CoreDataStackDayOneTests" */;
			buildPhases = (
				658087AC1C6CA7B7001CC814 /* Sources */,
				658087AD1C6CA7B7001CC814 /* Frameworks */,
				658087AE1C6CA7B7001CC814 /* Resources */,
			);
			buildRules = (
			);
			dependencies = (
				658087B21C6CA7B7001CC814 /* PBXTargetDependency */,
			);
			name = "CoreDataStackDay1.git CoreDataStackDayOneTests";
			productName = "CoreDataStackDay1.git CoreDataStackDayOneTests";
			productReference = 658087B01C6CA7B7001CC814 /* CoreDataStackDay1.git CoreDataStackDayOneTests.xctest */;
			productType = "com.apple.product-type.bundle.unit-test";
		};
		658087BA1C6CA7B7001CC814 /* CoreDataStackDay1.git CoreDataStackDayOneUITests */ = {
			isa = PBXNativeTarget;
			buildConfigurationList = 658087CA1C6CA7B7001CC814 /* Build configuration list for PBXNativeTarget "CoreDataStackDay1.git CoreDataStackDayOneUITests" */;
			buildPhases = (
				658087B71C6CA7B7001CC814 /* Sources */,
				658087B81C6CA7B7001CC814 /* Frameworks */,
				658087B91C6CA7B7001CC814 /* Resources */,
			);
			buildRules = (
			);
			dependencies = (
				658087BD1C6CA7B7001CC814 /* PBXTargetDependency */,
			);
			name = "CoreDataStackDay1.git CoreDataStackDayOneUITests";
			productName = "CoreDataStackDay1.git CoreDataStackDayOneUITests";
			productReference = 658087BB1C6CA7B7001CC814 /* CoreDataStackDay1.git CoreDataStackDayOneUITests.xctest */;
			productType = "com.apple.product-type.bundle.ui-testing";
		};
/* End PBXNativeTarget section */

/* Begin PBXProject section */
		658087911C6CA7B6001CC814 /* Project object */ = {
			isa = PBXProject;
			attributes = {
				LastSwiftUpdateCheck = 0720;
				LastUpgradeCheck = 0720;
				ORGANIZATIONNAME = "Lin Wei";
				TargetAttributes = {
					658087981C6CA7B6001CC814 = {
						CreatedOnToolsVersion = 7.2.1;
					};
					658087AF1C6CA7B7001CC814 = {
						CreatedOnToolsVersion = 7.2.1;
						TestTargetID = 658087981C6CA7B6001CC814;
					};
					658087BA1C6CA7B7001CC814 = {
						CreatedOnToolsVersion = 7.2.1;
						TestTargetID = 658087981C6CA7B6001CC814;
					};
				};
			};
			buildConfigurationList = 658087941C6CA7B6001CC814 /* Build configuration list for PBXProject "CoreDataStackDay1.git CoreDataStackDayOne" */;
			compatibilityVersion = "Xcode 3.2";
			developmentRegion = English;
			hasScannedForEncodings = 0;
			knownRegions = (
				en,
				Base,
			);
			mainGroup = 658087901C6CA7B6001CC814;
			productRefGroup = 6580879A1C6CA7B6001CC814 /* Products */;
			projectDirPath = "";
			projectRoot = "";
			targets = (
				658087981C6CA7B6001CC814 /* CoreDataStackDay1.git CoreDataStackDayOne */,
				658087AF1C6CA7B7001CC814 /* CoreDataStackDay1.git CoreDataStackDayOneTests */,
				658087BA1C6CA7B7001CC814 /* CoreDataStackDay1.git CoreDataStackDayOneUITests */,
			);
		};
/* End PBXProject section */

/* Begin PBXResourcesBuildPhase section */
		658087971C6CA7B6001CC814 /* Resources */ = {
			isa = PBXResourcesBuildPhase;
			buildActionMask = 2147483647;
			files = (
				658087AA1C6CA7B6001CC814 /* LaunchScreen.storyboard in Resources */,
				658087A71C6CA7B6001CC814 /* Assets.xcassets in Resources */,
				658087A21C6CA7B6001CC814 /* Main.storyboard in Resources */,
			);
			runOnlyForDeploymentPostprocessing = 0;
		};
		658087AE1C6CA7B7001CC814 /* Resources */ = {
			isa = PBXResourcesBuildPhase;
			buildActionMask = 2147483647;
			files = (
			);
			runOnlyForDeploymentPostprocessing = 0;
		};
		658087B91C6CA7B7001CC814 /* Resources */ = {
			isa = PBXResourcesBuildPhase;
			buildActionMask = 2147483647;
			files = (
			);
			runOnlyForDeploymentPostprocessing = 0;
		};
/* End PBXResourcesBuildPhase section */

/* Begin PBXSourcesBuildPhase section */
		658087951C6CA7B6001CC814 /* Sources */ = {
			isa = PBXSourcesBuildPhase;
			buildActionMask = 2147483647;
			files = (
				658087D71C6E7208001CC814 /* Student+CoreDataProperties.swift in Sources */,
				658087DA1C6E73E0001CC814 /* TableViewController.swift in Sources */,
				658087A51C6CA7B6001CC814 /* CoreDataStackDay1_git_CoreDataStackDayOne.xcdatamodeld in Sources */,
				658087D41C6E4C60001CC814 /* Data.xcdatamodeld in Sources */,
				6580879D1C6CA7B6001CC814 /* AppDelegate.swift in Sources */,
				658087D81C6E7208001CC814 /* Student.swift in Sources */,
				658087CE1C6E4470001CC814 /* CoreDataStack.swift in Sources */,
			);
			runOnlyForDeploymentPostprocessing = 0;
		};
		658087AC1C6CA7B7001CC814 /* Sources */ = {
			isa = PBXSourcesBuildPhase;
			buildActionMask = 2147483647;
			files = (
				658087B51C6CA7B7001CC814 /* CoreDataStackDay1_git_CoreDataStackDayOneTests.swift in Sources */,
			);
			runOnlyForDeploymentPostprocessing = 0;
		};
		658087B71C6CA7B7001CC814 /* Sources */ = {
			isa = PBXSourcesBuildPhase;
			buildActionMask = 2147483647;
			files = (
				658087C01C6CA7B7001CC814 /* CoreDataStackDay1_git_CoreDataStackDayOneUITests.swift in Sources */,
			);
			runOnlyForDeploymentPostprocessing = 0;
		};
/* End PBXSourcesBuildPhase section */

/* Begin PBXTargetDependency section */
		658087B21C6CA7B7001CC814 /* PBXTargetDependency */ = {
			isa = PBXTargetDependency;
			target = 658087981C6CA7B6001CC814 /* CoreDataStackDay1.git CoreDataStackDayOne */;
			targetProxy = 658087B11C6CA7B7001CC814 /* PBXContainerItemProxy */;
		};
		658087BD1C6CA7B7001CC814 /* PBXTargetDependency */ = {
			isa = PBXTargetDependency;
			target = 658087981C6CA7B6001CC814 /* CoreDataStackDay1.git CoreDataStackDayOne */;
			targetProxy = 658087BC1C6CA7B7001CC814 /* PBXContainerItemProxy */;
		};
/* End PBXTargetDependency section */

/* Begin PBXVariantGroup section */
		658087A01C6CA7B6001CC814 /* Main.storyboard */ = {
			isa = PBXVariantGroup;
			children = (
				658087A11C6CA7B6001CC814 /* Base */,
			);
			name = Main.storyboard;
			sourceTree = "<group>";
		};
		658087A81C6CA7B6001CC814 /* LaunchScreen.storyboard */ = {
			isa = PBXVariantGroup;
			children = (
				658087A91C6CA7B6001CC814 /* Base */,
			);
			name = LaunchScreen.storyboard;
			sourceTree = "<group>";
		};
/* End PBXVariantGroup section */

/* Begin XCBuildConfiguration section */
		658087C21C6CA7B7001CC814 /* Debug */ = {
			isa = XCBuildConfiguration;
			buildSettings = {
				ALWAYS_SEARCH_USER_PATHS = NO;
				CLANG_CXX_LANGUAGE_STANDARD = "gnu++0x";
				CLANG_CXX_LIBRARY = "libc++";
				CLANG_ENABLE_MODULES = YES;
				CLANG_ENABLE_OBJC_ARC = YES;
				CLANG_WARN_BOOL_CONVERSION = YES;
				CLANG_WARN_CONSTANT_CONVERSION = YES;
				CLANG_WARN_DIRECT_OBJC_ISA_USAGE = YES_ERROR;
				CLANG_WARN_EMPTY_BODY = YES;
				CLANG_WARN_ENUM_CONVERSION = YES;
				CLANG_WARN_INT_CONVERSION = YES;
				CLANG_WARN_OBJC_ROOT_CLASS = YES_ERROR;
				CLANG_WARN_UNREACHABLE_CODE = YES;
				CLANG_WARN__DUPLICATE_METHOD_MATCH = YES;
				"CODE_SIGN_IDENTITY[sdk=iphoneos*]" = "iPhone Developer";
				COPY_PHASE_STRIP = NO;
				DEBUG_INFORMATION_FORMAT = dwarf;
				ENABLE_STRICT_OBJC_MSGSEND = YES;
				ENABLE_TESTABILITY = YES;
				GCC_C_LANGUAGE_STANDARD = gnu99;
				GCC_DYNAMIC_NO_PIC = NO;
				GCC_NO_COMMON_BLOCKS = YES;
				GCC_OPTIMIZATION_LEVEL = 0;
				GCC_PREPROCESSOR_DEFINITIONS = (
					"DEBUG=1",
					"$(inherited)",
				);
				GCC_WARN_64_TO_32_BIT_CONVERSION = YES;
				GCC_WARN_ABOUT_RETURN_TYPE = YES_ERROR;
				GCC_WARN_UNDECLARED_SELECTOR = YES;
				GCC_WARN_UNINITIALIZED_AUTOS = YES_AGGRESSIVE;
				GCC_WARN_UNUSED_FUNCTION = YES;
				GCC_WARN_UNUSED_VARIABLE = YES;
				IPHONEOS_DEPLOYMENT_TARGET = 9.2;
				MTL_ENABLE_DEBUG_INFO = YES;
				ONLY_ACTIVE_ARCH = YES;
				SDKROOT = iphoneos;
				SWIFT_OPTIMIZATION_LEVEL = "-Onone";
				TARGETED_DEVICE_FAMILY = "1,2";
			};
			name = Debug;
		};
		658087C31C6CA7B7001CC814 /* Release */ = {
			isa = XCBuildConfiguration;
			buildSettings = {
				ALWAYS_SEARCH_USER_PATHS = NO;
				CLANG_CXX_LANGUAGE_STANDARD = "gnu++0x";
				CLANG_CXX_LIBRARY = "libc++";
				CLANG_ENABLE_MODULES = YES;
				CLANG_ENABLE_OBJC_ARC = YES;
				CLANG_WARN_BOOL_CONVERSION = YES;
				CLANG_WARN_CONSTANT_CONVERSION = YES;
				CLANG_WARN_DIRECT_OBJC_ISA_USAGE = YES_ERROR;
				CLANG_WARN_EMPTY_BODY = YES;
				CLANG_WARN_ENUM_CONVERSION = YES;
				CLANG_WARN_INT_CONVERSION = YES;
				CLANG_WARN_OBJC_ROOT_CLASS = YES_ERROR;
				CLANG_WARN_UNREACHABLE_CODE = YES;
				CLANG_WARN__DUPLICATE_METHOD_MATCH = YES;
				"CODE_SIGN_IDENTITY[sdk=iphoneos*]" = "iPhone Developer";
				COPY_PHASE_STRIP = NO;
				DEBUG_INFORMATION_FORMAT = "dwarf-with-dsym";
				ENABLE_NS_ASSERTIONS = NO;
				ENABLE_STRICT_OBJC_MSGSEND = YES;
				GCC_C_LANGUAGE_STANDARD = gnu99;
				GCC_NO_COMMON_BLOCKS = YES;
				GCC_WARN_64_TO_32_BIT_CONVERSION = YES;
				GCC_WARN_ABOUT_RETURN_TYPE = YES_ERROR;
				GCC_WARN_UNDECLARED_SELECTOR = YES;
				GCC_WARN_UNINITIALIZED_AUTOS = YES_AGGRESSIVE;
				GCC_WARN_UNUSED_FUNCTION = YES;
				GCC_WARN_UNUSED_VARIABLE = YES;
				IPHONEOS_DEPLOYMENT_TARGET = 9.2;
				MTL_ENABLE_DEBUG_INFO = NO;
				SDKROOT = iphoneos;
				TARGETED_DEVICE_FAMILY = "1,2";
				VALIDATE_PRODUCT = YES;
			};
			name = Release;
		};
		658087C51C6CA7B7001CC814 /* Debug */ = {
			isa = XCBuildConfiguration;
			buildSettings = {
				ASSETCATALOG_COMPILER_APPICON_NAME = AppIcon;
				INFOPLIST_FILE = "CoreDataStackDay1.git CoreDataStackDayOne/Info.plist";
				LD_RUNPATH_SEARCH_PATHS = "$(inherited) @executable_path/Frameworks";
				PRODUCT_BUNDLE_IDENTIFIER = "company.CoreDataStackDay1-git-CoreDataStackDayOne";
				PRODUCT_NAME = "$(TARGET_NAME)";
			};
			name = Debug;
		};
		658087C61C6CA7B7001CC814 /* Release */ = {
			isa = XCBuildConfiguration;
			buildSettings = {
				ASSETCATALOG_COMPILER_APPICON_NAME = AppIcon;
				INFOPLIST_FILE = "CoreDataStackDay1.git CoreDataStackDayOne/Info.plist";
				LD_RUNPATH_SEARCH_PATHS = "$(inherited) @executable_path/Frameworks";
				PRODUCT_BUNDLE_IDENTIFIER = "company.CoreDataStackDay1-git-CoreDataStackDayOne";
				PRODUCT_NAME = "$(TARGET_NAME)";
			};
			name = Release;
		};
		658087C81C6CA7B7001CC814 /* Debug */ = {
			isa = XCBuildConfiguration;
			buildSettings = {
				BUNDLE_LOADER = "$(TEST_HOST)";
				INFOPLIST_FILE = "CoreDataStackDay1.git CoreDataStackDayOneTests/Info.plist";
				LD_RUNPATH_SEARCH_PATHS = "$(inherited) @executable_path/Frameworks @loader_path/Frameworks";
				PRODUCT_BUNDLE_IDENTIFIER = "company.CoreDataStackDay1-git-CoreDataStackDayOneTests";
				PRODUCT_NAME = "$(TARGET_NAME)";
				TEST_HOST = "$(BUILT_PRODUCTS_DIR)/CoreDataStackDay1.git CoreDataStackDayOne.app/CoreDataStackDay1.git CoreDataStackDayOne";
			};
			name = Debug;
		};
		658087C91C6CA7B7001CC814 /* Release */ = {
			isa = XCBuildConfiguration;
			buildSettings = {
				BUNDLE_LOADER = "$(TEST_HOST)";
				INFOPLIST_FILE = "CoreDataStackDay1.git CoreDataStackDayOneTests/Info.plist";
				LD_RUNPATH_SEARCH_PATHS = "$(inherited) @executable_path/Frameworks @loader_path/Frameworks";
				PRODUCT_BUNDLE_IDENTIFIER = "company.CoreDataStackDay1-git-CoreDataStackDayOneTests";
				PRODUCT_NAME = "$(TARGET_NAME)";
				TEST_HOST = "$(BUILT_PRODUCTS_DIR)/CoreDataStackDay1.git CoreDataStackDayOne.app/CoreDataStackDay1.git CoreDataStackDayOne";
			};
			name = Release;
		};
		658087CB1C6CA7B7001CC814 /* Debug */ = {
			isa = XCBuildConfiguration;
			buildSettings = {
				INFOPLIST_FILE = "CoreDataStackDay1.git CoreDataStackDayOneUITests/Info.plist";
				LD_RUNPATH_SEARCH_PATHS = "$(inherited) @executable_path/Frameworks @loader_path/Frameworks";
				PRODUCT_BUNDLE_IDENTIFIER = "company.CoreDataStackDay1-git-CoreDataStackDayOneUITests";
				PRODUCT_NAME = "$(TARGET_NAME)";
				TEST_TARGET_NAME = "CoreDataStackDay1.git CoreDataStackDayOne";
				USES_XCTRUNNER = YES;
			};
			name = Debug;
		};
		658087CC1C6CA7B7001CC814 /* Release */ = {
			isa = XCBuildConfiguration;
			buildSettings = {
				INFOPLIST_FILE = "CoreDataStackDay1.git CoreDataStackDayOneUITests/Info.plist";
				LD_RUNPATH_SEARCH_PATHS = "$(inherited) @executable_path/Frameworks @loader_path/Frameworks";
				PRODUCT_BUNDLE_IDENTIFIER = "company.CoreDataStackDay1-git-CoreDataStackDayOneUITests";
				PRODUCT_NAME = "$(TARGET_NAME)";
				TEST_TARGET_NAME = "CoreDataStackDay1.git CoreDataStackDayOne";
				USES_XCTRUNNER = YES;
			};
			name = Release;
		};
/* End XCBuildConfiguration section */

/* Begin XCConfigurationList section */
		658087941C6CA7B6001CC814 /* Build configuration list for PBXProject "CoreDataStackDay1.git CoreDataStackDayOne" */ = {
			isa = XCConfigurationList;
			buildConfigurations = (
				658087C21C6CA7B7001CC814 /* Debug */,
				658087C31C6CA7B7001CC814 /* Release */,
			);
			defaultConfigurationIsVisible = 0;
			defaultConfigurationName = Release;
		};
		658087C41C6CA7B7001CC814 /* Build configuration list for PBXNativeTarget "CoreDataStackDay1.git CoreDataStackDayOne" */ = {
			isa = XCConfigurationList;
			buildConfigurations = (
				658087C51C6CA7B7001CC814 /* Debug */,
				658087C61C6CA7B7001CC814 /* Release */,
			);
			defaultConfigurationIsVisible = 0;
		};
		658087C71C6CA7B7001CC814 /* Build configuration list for PBXNativeTarget "CoreDataStackDay1.git CoreDataStackDayOneTests" */ = {
			isa = XCConfigurationList;
			buildConfigurations = (
				658087C81C6CA7B7001CC814 /* Debug */,
				658087C91C6CA7B7001CC814 /* Release */,
			);
			defaultConfigurationIsVisible = 0;
		};
		658087CA1C6CA7B7001CC814 /* Build configuration list for PBXNativeTarget "CoreDataStackDay1.git CoreDataStackDayOneUITests" */ = {
			isa = XCConfigurationList;
			buildConfigurations = (
				658087CB1C6CA7B7001CC814 /* Debug */,
				658087CC1C6CA7B7001CC814 /* Release */,
			);
			defaultConfigurationIsVisible = 0;
		};
/* End XCConfigurationList section */

/* Begin XCVersionGroup section */
		658087A31C6CA7B6001CC814 /* CoreDataStackDay1_git_CoreDataStackDayOne.xcdatamodeld */ = {
			isa = XCVersionGroup;
			children = (
				658087A41C6CA7B6001CC814 /* CoreDataStackDay1_git_CoreDataStackDayOne.xcdatamodel */,
			);
			currentVersion = 658087A41C6CA7B6001CC814 /* CoreDataStackDay1_git_CoreDataStackDayOne.xcdatamodel */;
			path = CoreDataStackDay1_git_CoreDataStackDayOne.xcdatamodeld;
			sourceTree = "<group>";
			versionGroupType = wrapper.xcdatamodel;
		};
		658087D21C6E4C60001CC814 /* Data.xcdatamodeld */ = {
			isa = XCVersionGroup;
			children = (
				658087D31C6E4C60001CC814 /* Data.xcdatamodel */,
			);
			currentVersion = 658087D31C6E4C60001CC814 /* Data.xcdatamodel */;
			path = Data.xcdatamodeld;
			sourceTree = "<group>";
			versionGroupType = wrapper.xcdatamodel;
		};
/* End XCVersionGroup section */
	};
	rootObject = 658087911C6CA7B6001CC814 /* Project object */;
}
